<Solution>
  <Project Path="SistemadeVentas.BL/SistemadeVentas.BL.csproj" />
  <Project Path="SistemadeVentas.DAL/SistemadeVentas.DAL.csproj" />
  <Project Path="SistemadeVentas.EN/SistemadeVentas.EN.csproj" />
  <Project Path="SistemadeVentas.Pruebas/SistemadeVentas.Pruebas.csproj" Id="b56ac213-f2e1-4942-bdbc-851c66af00a1" />
  <Project Path="SistemadeVentas.UI.WinForms/SistemadeVentas.UI.WinForms.csproj" Id="b59b6e83-7c68-4ef5-aa48-726cba323595" />
</Solution>
